
Microsoft Visual Studio Solution File, Format Version 12.00
# Visual Studio Version 16
VisualStudioVersion = 16.0.29905.134
MinimumVisualStudioVersion = 10.0.40219.1
Project("{FAE04EC0-301F-11D3-BF4B-00C04F79EFBC}") = "FirstAnalysisProject", "FirstAnalysisProject.csproj", "{ED523D0D-5A89-4F43-8B3D-AA5C8B897097}"
EndProject
Global
	GlobalSection(SolutionConfigurationPlatforms) = preSolution
		Debug|Any CPU = Debug|Any CPU
		Release|Any CPU = Release|Any CPU
	EndGlobalSection
	GlobalSection(ProjectConfigurationPlatforms) = postSolution
		{ED523D0D-5A89-4F43-8B3D-AA5C8B897097}.Debug|Any CPU.ActiveCfg = Debug|Any CPU
		{ED523D0D-5A89-4F43-8B3D-AA5C8B897097}.Debug|Any CPU.Build.0 = Debug|Any CPU
		{ED523D0D-5A89-4F43-8B3D-AA5C8B897097}.Release|Any CPU.ActiveCfg = Release|Any CPU
		{ED523D0D-5A89-4F43-8B3D-AA5C8B897097}.Release|Any CPU.Build.0 = Release|Any CPU
	EndGlobalSection
	GlobalSection(SolutionProperties) = preSolution
		HideSolutionNode = FALSE
	EndGlobalSection
	GlobalSection(ExtensibilityGlobals) = postSolution
		SolutionGuid = {B7F39471-D6B6-45EF-826E-E878EF65F4CF}
	EndGlobalSection
EndGlobal
