
Microsoft Visual Studio Solution File, Format Version 12.00
# Visual Studio Version 16
VisualStudioVersion = 16.0.29905.134
MinimumVisualStudioVersion = 10.0.40219.1
Project("{FAE04EC0-301F-11D3-BF4B-00C04F79EFBC}") = "HospitalStoreApp", "HospitalStoreApp.csproj", "{2637FDC0-AB01-4413-86AF-15C7C3D75501}"
EndProject
Global
	GlobalSection(SolutionConfigurationPlatforms) = preSolution
		Debug|Any CPU = Debug|Any CPU
		Release|Any CPU = Release|Any CPU
	EndGlobalSection
	GlobalSection(ProjectConfigurationPlatforms) = postSolution
		{2637FDC0-AB01-4413-86AF-15C7C3D75501}.Debug|Any CPU.ActiveCfg = Debug|Any CPU
		{2637FDC0-AB01-4413-86AF-15C7C3D75501}.Debug|Any CPU.Build.0 = Debug|Any CPU
		{2637FDC0-AB01-4413-86AF-15C7C3D75501}.Release|Any CPU.ActiveCfg = Release|Any CPU
		{2637FDC0-AB01-4413-86AF-15C7C3D75501}.Release|Any CPU.Build.0 = Release|Any CPU
	EndGlobalSection
	GlobalSection(SolutionProperties) = preSolution
		HideSolutionNode = FALSE
	EndGlobalSection
	GlobalSection(ExtensibilityGlobals) = postSolution
		SolutionGuid = {83C55A3C-8A06-43AA-905A-73D3315E9C0F}
	EndGlobalSection
EndGlobal
